
Microsoft Visual Studio Solution File, Format Version 12.00
# Visual Studio Version 17
VisualStudioVersion = 17.4.33213.308
MinimumVisualStudioVersion = 10.0.40219.1
Project("{FAE04EC0-301F-11D3-BF4B-00C04F79EFBC}") = "DesignerResposivo", "DesignerResposivo\DesignerResposivo.csproj", "{70B8D4B0-0577-42B0-BFD3-A493D267AE98}"
EndProject
Global
	GlobalSection(SolutionConfigurationPlatforms) = preSolution
		Debug|Any CPU = Debug|Any CPU
		Release|Any CPU = Release|Any CPU
	EndGlobalSection
	GlobalSection(ProjectConfigurationPlatforms) = postSolution
		{70B8D4B0-0577-42B0-BFD3-A493D267AE98}.Debug|Any CPU.ActiveCfg = Debug|Any CPU
		{70B8D4B0-0577-42B0-BFD3-A493D267AE98}.Debug|Any CPU.Build.0 = Debug|Any CPU
		{70B8D4B0-0577-42B0-BFD3-A493D267AE98}.Release|Any CPU.ActiveCfg = Release|Any CPU
		{70B8D4B0-0577-42B0-BFD3-A493D267AE98}.Release|Any CPU.Build.0 = Release|Any CPU
	EndGlobalSection
	GlobalSection(SolutionProperties) = preSolution
		HideSolutionNode = FALSE
	EndGlobalSection
	GlobalSection(ExtensibilityGlobals) = postSolution
		SolutionGuid = {7DEFF213-BF5B-4988-97F9-969FC6B63E37}
	EndGlobalSection
EndGlobal
